
Microsoft Visual Studio Solution File, Format Version 12.00
# Visual Studio Version 17
VisualStudioVersion = 17.3.32819.101
MinimumVisualStudioVersion = 10.0.40219.1
Project("{9A19103F-16F7-4668-BE54-9A1E7A4F7556}") = "Metotlar", "Metotlar.csproj", "{D1E5D63D-F6BC-44D1-869D-E6F51EE63087}"
EndProject
Project("{9A19103F-16F7-4668-BE54-9A1E7A4F7556}") = "OgrenciDers", "..\OgrenciDers\OgrenciDers.csproj", "{3AE574B1-121D-4F4A-A7CD-C39833ACD49E}"
EndProject
Project("{FAE04EC0-301F-11D3-BF4B-00C04F79EFBC}") = "Matematik", "..\Matematik\Matematik.csproj", "{88F3D42B-51C6-41CF-B5C4-65B4BD81FA68}"
EndProject
Project("{FAE04EC0-301F-11D3-BF4B-00C04F79EFBC}") = "DegerVeReferansTipler", "..\DegerVeReferansTipler\DegerVeReferansTipler.csproj", "{A49C2094-10F2-4F15-BC29-D76080A2DCDE}"
EndProject
Global
	GlobalSection(SolutionConfigurationPlatforms) = preSolution
		Debug|Any CPU = Debug|Any CPU
		Release|Any CPU = Release|Any CPU
	EndGlobalSection
	GlobalSection(ProjectConfigurationPlatforms) = postSolution
		{D1E5D63D-F6BC-44D1-869D-E6F51EE63087}.Debug|Any CPU.ActiveCfg = Debug|Any CPU
		{D1E5D63D-F6BC-44D1-869D-E6F51EE63087}.Debug|Any CPU.Build.0 = Debug|Any CPU
		{D1E5D63D-F6BC-44D1-869D-E6F51EE63087}.Release|Any CPU.ActiveCfg = Release|Any CPU
		{D1E5D63D-F6BC-44D1-869D-E6F51EE63087}.Release|Any CPU.Build.0 = Release|Any CPU
		{3AE574B1-121D-4F4A-A7CD-C39833ACD49E}.Debug|Any CPU.ActiveCfg = Debug|Any CPU
		{3AE574B1-121D-4F4A-A7CD-C39833ACD49E}.Debug|Any CPU.Build.0 = Debug|Any CPU
		{3AE574B1-121D-4F4A-A7CD-C39833ACD49E}.Release|Any CPU.ActiveCfg = Release|Any CPU
		{3AE574B1-121D-4F4A-A7CD-C39833ACD49E}.Release|Any CPU.Build.0 = Release|Any CPU
		{88F3D42B-51C6-41CF-B5C4-65B4BD81FA68}.Debug|Any CPU.ActiveCfg = Debug|Any CPU
		{88F3D42B-51C6-41CF-B5C4-65B4BD81FA68}.Debug|Any CPU.Build.0 = Debug|Any CPU
		{88F3D42B-51C6-41CF-B5C4-65B4BD81FA68}.Release|Any CPU.ActiveCfg = Release|Any CPU
		{88F3D42B-51C6-41CF-B5C4-65B4BD81FA68}.Release|Any CPU.Build.0 = Release|Any CPU
		{A49C2094-10F2-4F15-BC29-D76080A2DCDE}.Debug|Any CPU.ActiveCfg = Debug|Any CPU
		{A49C2094-10F2-4F15-BC29-D76080A2DCDE}.Debug|Any CPU.Build.0 = Debug|Any CPU
		{A49C2094-10F2-4F15-BC29-D76080A2DCDE}.Release|Any CPU.ActiveCfg = Release|Any CPU
		{A49C2094-10F2-4F15-BC29-D76080A2DCDE}.Release|Any CPU.Build.0 = Release|Any CPU
	EndGlobalSection
	GlobalSection(SolutionProperties) = preSolution
		HideSolutionNode = FALSE
	EndGlobalSection
	GlobalSection(ExtensibilityGlobals) = postSolution
		SolutionGuid = {DAB03ADE-D8C4-46DB-B34C-4A7BB1DB2CC2}
	EndGlobalSection
EndGlobal
